// !$*UTF8*$!
{
	archiveVersion = 1;
	classes = {
	};
	objectVersion = 56;
	objects = {

/* Begin PBXBuildFile section */
		525F908E2BA08B6C0006E87F /* AppDelegate.swift in Sources */ = {isa = PBXBuildFile; fileRef = 525F908D2BA08B6C0006E87F /* AppDelegate.swift */; };
		525F90992BA08B6C0006E87F /* Main.storyboard in Resources */ = {isa = PBXBuildFile; fileRef = 525F90972BA08B6C0006E87F /* Main.storyboard */; };
		525F909B2BA08B6E0006E87F /* Assets.xcassets in Resources */ = {isa = PBXBuildFile; fileRef = 525F909A2BA08B6E0006E87F /* Assets.xcassets */; };
		525F909E2BA08B6E0006E87F /* LaunchScreen.storyboard in Resources */ = {isa = PBXBuildFile; fileRef = 525F909C2BA08B6E0006E87F /* LaunchScreen.storyboard */; };
		525F90AC2BA08BCF0006E87F /* Row.swift in Sources */ = {isa = PBXBuildFile; fileRef = 525F90A52BA08BCF0006E87F /* Row.swift */; };
		525F90AD2BA08BCF0006E87F /* OlympicGame.swift in Sources */ = {isa = PBXBuildFile; fileRef = 525F90A62BA08BCF0006E87F /* OlympicGame.swift */; };
		525F90AE2BA08BCF0006E87F /* StartVC.swift in Sources */ = {isa = PBXBuildFile; fileRef = 525F90A72BA08BCF0006E87F /* StartVC.swift */; };
		525F90B02BA08BCF0006E87F /* Victoire.otf in Resources */ = {isa = PBXBuildFile; fileRef = 525F90A92BA08BCF0006E87F /* Victoire.otf */; };
		525F90B22BA08BCF0006E87F /* MenuVC.swift in Sources */ = {isa = PBXBuildFile; fileRef = 525F90AB2BA08BCF0006E87F /* MenuVC.swift */; };
		525F90B72BA094620006E87F /* lightning.json in Resources */ = {isa = PBXBuildFile; fileRef = 525F90B52BA094620006E87F /* lightning.json */; };
		525F90BC2BA0B6220006E87F /* loading.json in Resources */ = {isa = PBXBuildFile; fileRef = 525F90BB2BA0B6210006E87F /* loading.json */; };
		525F90BE2BA0BFE50006E87F /* infoVC.swift in Sources */ = {isa = PBXBuildFile; fileRef = 525F90BD2BA0BFE50006E87F /* infoVC.swift */; };
		525F90C02BA0C8290006E87F /* GoogleService-Info.plist in Resources */ = {isa = PBXBuildFile; fileRef = 525F90BF2BA0C8280006E87F /* GoogleService-Info.plist */; };
		525F90C22BA0C8800006E87F /* codemagic.yaml in Resources */ = {isa = PBXBuildFile; fileRef = 525F90C12BA0C8800006E87F /* codemagic.yaml */; };
		F892EF06AAB9AC6F4CF1C306 /* Pods_ZeusChronicle.framework in Frameworks */ = {isa = PBXBuildFile; fileRef = 03871BBFFF4A5D3320067AA8 /* Pods_ZeusChronicle.framework */; };
/* End PBXBuildFile section */

/* Begin PBXFileReference section */
		03871BBFFF4A5D3320067AA8 /* Pods_ZeusChronicle.framework */ = {isa = PBXFileReference; explicitFileType = wrapper.framework; includeInIndex = 0; path = Pods_ZeusChronicle.framework; sourceTree = BUILT_PRODUCTS_DIR; };
		525F908A2BA08B6C0006E87F /* ZeusChronicle.app */ = {isa = PBXFileReference; explicitFileType = wrapper.application; includeInIndex = 0; path = ZeusChronicle.app; sourceTree = BUILT_PRODUCTS_DIR; };
		525F908D2BA08B6C0006E87F /* AppDelegate.swift */ = {isa = PBXFileReference; lastKnownFileType = sourcecode.swift; path = AppDelegate.swift; sourceTree = "<group>"; };
		525F90982BA08B6C0006E87F /* Base */ = {isa = PBXFileReference; lastKnownFileType = file.storyboard; name = Base; path = Base.lproj/Main.storyboard; sourceTree = "<group>"; };
		525F909A2BA08B6E0006E87F /* Assets.xcassets */ = {isa = PBXFileReference; lastKnownFileType = folder.assetcatalog; path = Assets.xcassets; sourceTree = "<group>"; };
		525F909D2BA08B6E0006E87F /* Base */ = {isa = PBXFileReference; lastKnownFileType = file.storyboard; name = Base; path = Base.lproj/LaunchScreen.storyboard; sourceTree = "<group>"; };
		525F90A42BA08B8B0006E87F /* ZeusChronicle.entitlements */ = {isa = PBXFileReference; lastKnownFileType = text.plist.entitlements; path = ZeusChronicle.entitlements; sourceTree = "<group>"; };
		525F90A52BA08BCF0006E87F /* Row.swift */ = {isa = PBXFileReference; fileEncoding = 4; lastKnownFileType = sourcecode.swift; path = Row.swift; sourceTree = "<group>"; };
		525F90A62BA08BCF0006E87F /* OlympicGame.swift */ = {isa = PBXFileReference; fileEncoding = 4; lastKnownFileType = sourcecode.swift; path = OlympicGame.swift; sourceTree = "<group>"; };
		525F90A72BA08BCF0006E87F /* StartVC.swift */ = {isa = PBXFileReference; fileEncoding = 4; lastKnownFileType = sourcecode.swift; path = StartVC.swift; sourceTree = "<group>"; };
		525F90A92BA08BCF0006E87F /* Victoire.otf */ = {isa = PBXFileReference; lastKnownFileType = file; path = Victoire.otf; sourceTree = "<group>"; };
		525F90AB2BA08BCF0006E87F /* MenuVC.swift */ = {isa = PBXFileReference; fileEncoding = 4; lastKnownFileType = sourcecode.swift; path = MenuVC.swift; sourceTree = "<group>"; };
		525F90B32BA08BF30006E87F /* Info.plist */ = {isa = PBXFileReference; lastKnownFileType = text.plist.xml; path = Info.plist; sourceTree = "<group>"; };
		525F90B52BA094620006E87F /* lightning.json */ = {isa = PBXFileReference; fileEncoding = 4; lastKnownFileType = text.json; path = lightning.json; sourceTree = "<group>"; };
		525F90BB2BA0B6210006E87F /* loading.json */ = {isa = PBXFileReference; fileEncoding = 4; lastKnownFileType = text.json; path = loading.json; sourceTree = "<group>"; };
		525F90BD2BA0BFE50006E87F /* infoVC.swift */ = {isa = PBXFileReference; lastKnownFileType = sourcecode.swift; path = infoVC.swift; sourceTree = "<group>"; };
		525F90BF2BA0C8280006E87F /* GoogleService-Info.plist */ = {isa = PBXFileReference; fileEncoding = 4; lastKnownFileType = text.plist.xml; path = "GoogleService-Info.plist"; sourceTree = "<group>"; };
		525F90C12BA0C8800006E87F /* codemagic.yaml */ = {isa = PBXFileReference; fileEncoding = 4; lastKnownFileType = text.yaml; path = codemagic.yaml; sourceTree = "<group>"; };
		B4E806D2424A9C34F3C5170A /* Pods-ZeusChronicle.debug.xcconfig */ = {isa = PBXFileReference; includeInIndex = 1; lastKnownFileType = text.xcconfig; name = "Pods-ZeusChronicle.debug.xcconfig"; path = "Target Support Files/Pods-ZeusChronicle/Pods-ZeusChronicle.debug.xcconfig"; sourceTree = "<group>"; };
		FB7467CCF8E87FE8CC43E670 /* Pods-ZeusChronicle.release.xcconfig */ = {isa = PBXFileReference; includeInIndex = 1; lastKnownFileType = text.xcconfig; name = "Pods-ZeusChronicle.release.xcconfig"; path = "Target Support Files/Pods-ZeusChronicle/Pods-ZeusChronicle.release.xcconfig"; sourceTree = "<group>"; };
/* End PBXFileReference section */

/* Begin PBXFrameworksBuildPhase section */
		525F90872BA08B6C0006E87F /* Frameworks */ = {
			isa = PBXFrameworksBuildPhase;
			buildActionMask = 2147483647;
			files = (
				F892EF06AAB9AC6F4CF1C306 /* Pods_ZeusChronicle.framework in Frameworks */,
			);
			runOnlyForDeploymentPostprocessing = 0;
		};
/* End PBXFrameworksBuildPhase section */

/* Begin PBXGroup section */
		094FD370B5A5323A5536CC71 /* Pods */ = {
			isa = PBXGroup;
			children = (
				B4E806D2424A9C34F3C5170A /* Pods-ZeusChronicle.debug.xcconfig */,
				FB7467CCF8E87FE8CC43E670 /* Pods-ZeusChronicle.release.xcconfig */,
			);
			path = Pods;
			sourceTree = "<group>";
		};
		2DCAD9783B2C0133C9217132 /* Frameworks */ = {
			isa = PBXGroup;
			children = (
				03871BBFFF4A5D3320067AA8 /* Pods_ZeusChronicle.framework */,
			);
			name = Frameworks;
			sourceTree = "<group>";
		};
		525F90812BA08B6C0006E87F = {
			isa = PBXGroup;
			children = (
				525F90C12BA0C8800006E87F /* codemagic.yaml */,
				525F908C2BA08B6C0006E87F /* ZeusChronicle */,
				525F908B2BA08B6C0006E87F /* Products */,
				094FD370B5A5323A5536CC71 /* Pods */,
				2DCAD9783B2C0133C9217132 /* Frameworks */,
			);
			sourceTree = "<group>";
		};
		525F908B2BA08B6C0006E87F /* Products */ = {
			isa = PBXGroup;
			children = (
				525F908A2BA08B6C0006E87F /* ZeusChronicle.app */,
			);
			name = Products;
			sourceTree = "<group>";
		};
		525F908C2BA08B6C0006E87F /* ZeusChronicle */ = {
			isa = PBXGroup;
			children = (
				525F90B32BA08BF30006E87F /* Info.plist */,
				525F90A42BA08B8B0006E87F /* ZeusChronicle.entitlements */,
				525F908D2BA08B6C0006E87F /* AppDelegate.swift */,
				525F90972BA08B6C0006E87F /* Main.storyboard */,
				525F90A72BA08BCF0006E87F /* StartVC.swift */,
				525F90AB2BA08BCF0006E87F /* MenuVC.swift */,
				525F90B52BA094620006E87F /* lightning.json */,
				525F90A62BA08BCF0006E87F /* OlympicGame.swift */,
				525F90BB2BA0B6210006E87F /* loading.json */,
				525F90A52BA08BCF0006E87F /* Row.swift */,
				525F90A92BA08BCF0006E87F /* Victoire.otf */,
				525F909A2BA08B6E0006E87F /* Assets.xcassets */,
				525F909C2BA08B6E0006E87F /* LaunchScreen.storyboard */,
				525F90BF2BA0C8280006E87F /* GoogleService-Info.plist */,
				525F90BD2BA0BFE50006E87F /* infoVC.swift */,
			);
			path = ZeusChronicle;
			sourceTree = "<group>";
		};
/* End PBXGroup section */

/* Begin PBXNativeTarget section */
		525F90892BA08B6C0006E87F /* ZeusChronicle */ = {
			isa = PBXNativeTarget;
			buildConfigurationList = 525F90A12BA08B6E0006E87F /* Build configuration list for PBXNativeTarget "ZeusChronicle" */;
			buildPhases = (
				CEDCFFC47C77BC55A27A3528 /* [CP] Check Pods Manifest.lock */,
				525F90862BA08B6C0006E87F /* Sources */,
				525F90872BA08B6C0006E87F /* Frameworks */,
				525F90882BA08B6C0006E87F /* Resources */,
				96D09C8B19E6BD80CEA247B6 /* [CP] Embed Pods Frameworks */,
			);
			buildRules = (
			);
			dependencies = (
			);
			name = ZeusChronicle;
			productName = ZeusChronicle;
			productReference = 525F908A2BA08B6C0006E87F /* ZeusChronicle.app */;
			productType = "com.apple.product-type.application";
		};
/* End PBXNativeTarget section */

/* Begin PBXProject section */
		525F90822BA08B6C0006E87F /* Project object */ = {
			isa = PBXProject;
			attributes = {
				BuildIndependentTargetsInParallel = 1;
				LastSwiftUpdateCheck = 1520;
				LastUpgradeCheck = 1520;
				TargetAttributes = {
					525F90892BA08B6C0006E87F = {
						CreatedOnToolsVersion = 15.2;
					};
				};
			};
			buildConfigurationList = 525F90852BA08B6C0006E87F /* Build configuration list for PBXProject "ZeusChronicle" */;
			compatibilityVersion = "Xcode 14.0";
			developmentRegion = en;
			hasScannedForEncodings = 0;
			knownRegions = (
				en,
				Base,
			);
			mainGroup = 525F90812BA08B6C0006E87F;
			productRefGroup = 525F908B2BA08B6C0006E87F /* Products */;
			projectDirPath = "";
			projectRoot = "";
			targets = (
				525F90892BA08B6C0006E87F /* ZeusChronicle */,
			);
		};
/* End PBXProject section */

/* Begin PBXResourcesBuildPhase section */
		525F90882BA08B6C0006E87F /* Resources */ = {
			isa = PBXResourcesBuildPhase;
			buildActionMask = 2147483647;
			files = (
				525F90B02BA08BCF0006E87F /* Victoire.otf in Resources */,
				525F90992BA08B6C0006E87F /* Main.storyboard in Resources */,
				525F909B2BA08B6E0006E87F /* Assets.xcassets in Resources */,
				525F90C22BA0C8800006E87F /* codemagic.yaml in Resources */,
				525F90B72BA094620006E87F /* lightning.json in Resources */,
				525F90BC2BA0B6220006E87F /* loading.json in Resources */,
				525F90C02BA0C8290006E87F /* GoogleService-Info.plist in Resources */,
				525F909E2BA08B6E0006E87F /* LaunchScreen.storyboard in Resources */,
			);
			runOnlyForDeploymentPostprocessing = 0;
		};
/* End PBXResourcesBuildPhase section */

/* Begin PBXShellScriptBuildPhase section */
		96D09C8B19E6BD80CEA247B6 /* [CP] Embed Pods Frameworks */ = {
			isa = PBXShellScriptBuildPhase;
			buildActionMask = 2147483647;
			files = (
			);
			inputFileListPaths = (
				"${PODS_ROOT}/Target Support Files/Pods-ZeusChronicle/Pods-ZeusChronicle-frameworks-${CONFIGURATION}-input-files.xcfilelist",
			);
			name = "[CP] Embed Pods Frameworks";
			outputFileListPaths = (
				"${PODS_ROOT}/Target Support Files/Pods-ZeusChronicle/Pods-ZeusChronicle-frameworks-${CONFIGURATION}-output-files.xcfilelist",
			);
			runOnlyForDeploymentPostprocessing = 0;
			shellPath = /bin/sh;
			shellScript = "\"${PODS_ROOT}/Target Support Files/Pods-ZeusChronicle/Pods-ZeusChronicle-frameworks.sh\"\n";
			showEnvVarsInLog = 0;
		};
		CEDCFFC47C77BC55A27A3528 /* [CP] Check Pods Manifest.lock */ = {
			isa = PBXShellScriptBuildPhase;
			buildActionMask = 2147483647;
			files = (
			);
			inputFileListPaths = (
			);
			inputPaths = (
				"${PODS_PODFILE_DIR_PATH}/Podfile.lock",
				"${PODS_ROOT}/Manifest.lock",
			);
			name = "[CP] Check Pods Manifest.lock";
			outputFileListPaths = (
			);
			outputPaths = (
				"$(DERIVED_FILE_DIR)/Pods-ZeusChronicle-checkManifestLockResult.txt",
			);
			runOnlyForDeploymentPostprocessing = 0;
			shellPath = /bin/sh;
			shellScript = "diff \"${PODS_PODFILE_DIR_PATH}/Podfile.lock\" \"${PODS_ROOT}/Manifest.lock\" > /dev/null\nif [ $? != 0 ] ; then\n    # print error to STDERR\n    echo \"error: The sandbox is not in sync with the Podfile.lock. Run 'pod install' or update your CocoaPods installation.\" >&2\n    exit 1\nfi\n# This output is used by Xcode 'outputs' to avoid re-running this script phase.\necho \"SUCCESS\" > \"${SCRIPT_OUTPUT_FILE_0}\"\n";
			showEnvVarsInLog = 0;
		};
/* End PBXShellScriptBuildPhase section */

/* Begin PBXSourcesBuildPhase section */
		525F90862BA08B6C0006E87F /* Sources */ = {
			isa = PBXSourcesBuildPhase;
			buildActionMask = 2147483647;
			files = (
				525F90AD2BA08BCF0006E87F /* OlympicGame.swift in Sources */,
				525F90AC2BA08BCF0006E87F /* Row.swift in Sources */,
				525F90BE2BA0BFE50006E87F /* infoVC.swift in Sources */,
				525F90AE2BA08BCF0006E87F /* StartVC.swift in Sources */,
				525F90B22BA08BCF0006E87F /* MenuVC.swift in Sources */,
				525F908E2BA08B6C0006E87F /* AppDelegate.swift in Sources */,
			);
			runOnlyForDeploymentPostprocessing = 0;
		};
/* End PBXSourcesBuildPhase section */

/* Begin PBXVariantGroup section */
		525F90972BA08B6C0006E87F /* Main.storyboard */ = {
			isa = PBXVariantGroup;
			children = (
				525F90982BA08B6C0006E87F /* Base */,
			);
			name = Main.storyboard;
			sourceTree = "<group>";
		};
		525F909C2BA08B6E0006E87F /* LaunchScreen.storyboard */ = {
			isa = PBXVariantGroup;
			children = (
				525F909D2BA08B6E0006E87F /* Base */,
			);
			name = LaunchScreen.storyboard;
			sourceTree = "<group>";
		};
/* End PBXVariantGroup section */

/* Begin XCBuildConfiguration section */
		525F909F2BA08B6E0006E87F /* Debug */ = {
			isa = XCBuildConfiguration;
			buildSettings = {
				ALWAYS_SEARCH_USER_PATHS = NO;
				ASSETCATALOG_COMPILER_GENERATE_SWIFT_ASSET_SYMBOL_EXTENSIONS = YES;
				CLANG_ANALYZER_NONNULL = YES;
				CLANG_ANALYZER_NUMBER_OBJECT_CONVERSION = YES_AGGRESSIVE;
				CLANG_CXX_LANGUAGE_STANDARD = "gnu++20";
				CLANG_ENABLE_MODULES = YES;
				CLANG_ENABLE_OBJC_ARC = YES;
				CLANG_ENABLE_OBJC_WEAK = YES;
				CLANG_WARN_BLOCK_CAPTURE_AUTORELEASING = YES;
				CLANG_WARN_BOOL_CONVERSION = YES;
				CLANG_WARN_COMMA = YES;
				CLANG_WARN_CONSTANT_CONVERSION = YES;
				CLANG_WARN_DEPRECATED_OBJC_IMPLEMENTATIONS = YES;
				CLANG_WARN_DIRECT_OBJC_ISA_USAGE = YES_ERROR;
				CLANG_WARN_DOCUMENTATION_COMMENTS = YES;
				CLANG_WARN_EMPTY_BODY = YES;
				CLANG_WARN_ENUM_CONVERSION = YES;
				CLANG_WARN_INFINITE_RECURSION = YES;
				CLANG_WARN_INT_CONVERSION = YES;
				CLANG_WARN_NON_LITERAL_NULL_CONVERSION = YES;
				CLANG_WARN_OBJC_IMPLICIT_RETAIN_SELF = YES;
				CLANG_WARN_OBJC_LITERAL_CONVERSION = YES;
				CLANG_WARN_OBJC_ROOT_CLASS = YES_ERROR;
				CLANG_WARN_QUOTED_INCLUDE_IN_FRAMEWORK_HEADER = YES;
				CLANG_WARN_RANGE_LOOP_ANALYSIS = YES;
				CLANG_WARN_STRICT_PROTOTYPES = YES;
				CLANG_WARN_SUSPICIOUS_MOVE = YES;
				CLANG_WARN_UNGUARDED_AVAILABILITY = YES_AGGRESSIVE;
				CLANG_WARN_UNREACHABLE_CODE = YES;
				CLANG_WARN__DUPLICATE_METHOD_MATCH = YES;
				COPY_PHASE_STRIP = NO;
				DEBUG_INFORMATION_FORMAT = dwarf;
				ENABLE_STRICT_OBJC_MSGSEND = YES;
				ENABLE_TESTABILITY = YES;
				ENABLE_USER_SCRIPT_SANDBOXING = YES;
				GCC_C_LANGUAGE_STANDARD = gnu17;
				GCC_DYNAMIC_NO_PIC = NO;
				GCC_NO_COMMON_BLOCKS = YES;
				GCC_OPTIMIZATION_LEVEL = 0;
				GCC_PREPROCESSOR_DEFINITIONS = (
					"DEBUG=1",
					"$(inherited)",
				);
				GCC_WARN_64_TO_32_BIT_CONVERSION = YES;
				GCC_WARN_ABOUT_RETURN_TYPE = YES_ERROR;
				GCC_WARN_UNDECLARED_SELECTOR = YES;
				GCC_WARN_UNINITIALIZED_AUTOS = YES_AGGRESSIVE;
				GCC_WARN_UNUSED_FUNCTION = YES;
				GCC_WARN_UNUSED_VARIABLE = YES;
				IPHONEOS_DEPLOYMENT_TARGET = 17.2;
				LOCALIZATION_PREFERS_STRING_CATALOGS = YES;
				MTL_ENABLE_DEBUG_INFO = INCLUDE_SOURCE;
				MTL_FAST_MATH = YES;
				ONLY_ACTIVE_ARCH = YES;
				SDKROOT = iphoneos;
				SWIFT_ACTIVE_COMPILATION_CONDITIONS = "DEBUG $(inherited)";
				SWIFT_OPTIMIZATION_LEVEL = "-Onone";
			};
			name = Debug;
		};
		525F90A02BA08B6E0006E87F /* Release */ = {
			isa = XCBuildConfiguration;
			buildSettings = {
				ALWAYS_SEARCH_USER_PATHS = NO;
				ASSETCATALOG_COMPILER_GENERATE_SWIFT_ASSET_SYMBOL_EXTENSIONS = YES;
				CLANG_ANALYZER_NONNULL = YES;
				CLANG_ANALYZER_NUMBER_OBJECT_CONVERSION = YES_AGGRESSIVE;
				CLANG_CXX_LANGUAGE_STANDARD = "gnu++20";
				CLANG_ENABLE_MODULES = YES;
				CLANG_ENABLE_OBJC_ARC = YES;
				CLANG_ENABLE_OBJC_WEAK = YES;
				CLANG_WARN_BLOCK_CAPTURE_AUTORELEASING = YES;
				CLANG_WARN_BOOL_CONVERSION = YES;
				CLANG_WARN_COMMA = YES;
				CLANG_WARN_CONSTANT_CONVERSION = YES;
				CLANG_WARN_DEPRECATED_OBJC_IMPLEMENTATIONS = YES;
				CLANG_WARN_DIRECT_OBJC_ISA_USAGE = YES_ERROR;
				CLANG_WARN_DOCUMENTATION_COMMENTS = YES;
				CLANG_WARN_EMPTY_BODY = YES;
				CLANG_WARN_ENUM_CONVERSION = YES;
				CLANG_WARN_INFINITE_RECURSION = YES;
				CLANG_WARN_INT_CONVERSION = YES;
				CLANG_WARN_NON_LITERAL_NULL_CONVERSION = YES;
				CLANG_WARN_OBJC_IMPLICIT_RETAIN_SELF = YES;
				CLANG_WARN_OBJC_LITERAL_CONVERSION = YES;
				CLANG_WARN_OBJC_ROOT_CLASS = YES_ERROR;
				CLANG_WARN_QUOTED_INCLUDE_IN_FRAMEWORK_HEADER = YES;
				CLANG_WARN_RANGE_LOOP_ANALYSIS = YES;
				CLANG_WARN_STRICT_PROTOTYPES = YES;
				CLANG_WARN_SUSPICIOUS_MOVE = YES;
				CLANG_WARN_UNGUARDED_AVAILABILITY = YES_AGGRESSIVE;
				CLANG_WARN_UNREACHABLE_CODE = YES;
				CLANG_WARN__DUPLICATE_METHOD_MATCH = YES;
				COPY_PHASE_STRIP = NO;
				DEBUG_INFORMATION_FORMAT = "dwarf-with-dsym";
				ENABLE_NS_ASSERTIONS = NO;
				ENABLE_STRICT_OBJC_MSGSEND = YES;
				ENABLE_USER_SCRIPT_SANDBOXING = YES;
				GCC_C_LANGUAGE_STANDARD = gnu17;
				GCC_NO_COMMON_BLOCKS = YES;
				GCC_WARN_64_TO_32_BIT_CONVERSION = YES;
				GCC_WARN_ABOUT_RETURN_TYPE = YES_ERROR;
				GCC_WARN_UNDECLARED_SELECTOR = YES;
				GCC_WARN_UNINITIALIZED_AUTOS = YES_AGGRESSIVE;
				GCC_WARN_UNUSED_FUNCTION = YES;
				GCC_WARN_UNUSED_VARIABLE = YES;
				IPHONEOS_DEPLOYMENT_TARGET = 17.2;
				LOCALIZATION_PREFERS_STRING_CATALOGS = YES;
				MTL_ENABLE_DEBUG_INFO = NO;
				MTL_FAST_MATH = YES;
				SDKROOT = iphoneos;
				SWIFT_COMPILATION_MODE = wholemodule;
				VALIDATE_PRODUCT = YES;
			};
			name = Release;
		};
		525F90A22BA08B6E0006E87F /* Debug */ = {
			isa = XCBuildConfiguration;
			baseConfigurationReference = B4E806D2424A9C34F3C5170A /* Pods-ZeusChronicle.debug.xcconfig */;
			buildSettings = {
				ASSETCATALOG_COMPILER_APPICON_NAME = AppIcon;
				ASSETCATALOG_COMPILER_GLOBAL_ACCENT_COLOR_NAME = AccentColor;
				CODE_SIGN_ENTITLEMENTS = ZeusChronicle/ZeusChronicle.entitlements;
				CODE_SIGN_STYLE = Automatic;
				CURRENT_PROJECT_VERSION = 1;
				ENABLE_USER_SCRIPT_SANDBOXING = NO;
				GENERATE_INFOPLIST_FILE = NO;
				INFOPLIST_FILE = ZeusChronicle/Info.plist;
				INFOPLIST_KEY_CFBundleDisplayName = ZeusChronicle;
				INFOPLIST_KEY_UIApplicationSupportsIndirectInputEvents = YES;
				INFOPLIST_KEY_UILaunchStoryboardName = LaunchScreen;
				INFOPLIST_KEY_UIMainStoryboardFile = Main;
				INFOPLIST_KEY_UIStatusBarHidden = YES;
				INFOPLIST_KEY_UISupportedInterfaceOrientations_iPad = "UIInterfaceOrientationPortrait UIInterfaceOrientationPortraitUpsideDown UIInterfaceOrientationLandscapeLeft UIInterfaceOrientationLandscapeRight";
				INFOPLIST_KEY_UISupportedInterfaceOrientations_iPhone = "UIInterfaceOrientationPortrait UIInterfaceOrientationLandscapeLeft UIInterfaceOrientationLandscapeRight";
				IPHONEOS_DEPLOYMENT_TARGET = 15.0;
				LD_RUNPATH_SEARCH_PATHS = (
					"$(inherited)",
					"@executable_path/Frameworks",
				);
				MARKETING_VERSION = 1.0;
				PRODUCT_BUNDLE_IDENTIFIER = com.koroid.ZeusChronicle;
				PRODUCT_NAME = "$(TARGET_NAME)";
				SUPPORTED_PLATFORMS = "iphoneos iphonesimulator";
				SUPPORTS_MACCATALYST = NO;
				SUPPORTS_XR_DESIGNED_FOR_IPHONE_IPAD = NO;
				SWIFT_EMIT_LOC_STRINGS = YES;
				SWIFT_VERSION = 5.0;
				TARGETED_DEVICE_FAMILY = 1;
			};
			name = Debug;
		};
		525F90A32BA08B6E0006E87F /* Release */ = {
			isa = XCBuildConfiguration;
			baseConfigurationReference = FB7467CCF8E87FE8CC43E670 /* Pods-ZeusChronicle.release.xcconfig */;
			buildSettings = {
				ASSETCATALOG_COMPILER_APPICON_NAME = AppIcon;
				ASSETCATALOG_COMPILER_GLOBAL_ACCENT_COLOR_NAME = AccentColor;
				CODE_SIGN_ENTITLEMENTS = ZeusChronicle/ZeusChronicle.entitlements;
				CODE_SIGN_STYLE = Automatic;
				CURRENT_PROJECT_VERSION = 1;
				ENABLE_USER_SCRIPT_SANDBOXING = NO;
				GENERATE_INFOPLIST_FILE = NO;
				INFOPLIST_FILE = ZeusChronicle/Info.plist;
				INFOPLIST_KEY_CFBundleDisplayName = ZeusChronicle;
				INFOPLIST_KEY_UIApplicationSupportsIndirectInputEvents = YES;
				INFOPLIST_KEY_UILaunchStoryboardName = LaunchScreen;
				INFOPLIST_KEY_UIMainStoryboardFile = Main;
				INFOPLIST_KEY_UIStatusBarHidden = YES;
				INFOPLIST_KEY_UISupportedInterfaceOrientations_iPad = "UIInterfaceOrientationPortrait UIInterfaceOrientationPortraitUpsideDown UIInterfaceOrientationLandscapeLeft UIInterfaceOrientationLandscapeRight";
				INFOPLIST_KEY_UISupportedInterfaceOrientations_iPhone = "UIInterfaceOrientationPortrait UIInterfaceOrientationLandscapeLeft UIInterfaceOrientationLandscapeRight";
				IPHONEOS_DEPLOYMENT_TARGET = 15.0;
				LD_RUNPATH_SEARCH_PATHS = (
					"$(inherited)",
					"@executable_path/Frameworks",
				);
				MARKETING_VERSION = 1.0;
				PRODUCT_BUNDLE_IDENTIFIER = com.koroid.ZeusChronicle;
				PRODUCT_NAME = "$(TARGET_NAME)";
				SUPPORTED_PLATFORMS = "iphoneos iphonesimulator";
				SUPPORTS_MACCATALYST = NO;
				SUPPORTS_XR_DESIGNED_FOR_IPHONE_IPAD = NO;
				SWIFT_EMIT_LOC_STRINGS = YES;
				SWIFT_VERSION = 5.0;
				TARGETED_DEVICE_FAMILY = 1;
			};
			name = Release;
		};
/* End XCBuildConfiguration section */

/* Begin XCConfigurationList section */
		525F90852BA08B6C0006E87F /* Build configuration list for PBXProject "ZeusChronicle" */ = {
			isa = XCConfigurationList;
			buildConfigurations = (
				525F909F2BA08B6E0006E87F /* Debug */,
				525F90A02BA08B6E0006E87F /* Release */,
			);
			defaultConfigurationIsVisible = 0;
			defaultConfigurationName = Release;
		};
		525F90A12BA08B6E0006E87F /* Build configuration list for PBXNativeTarget "ZeusChronicle" */ = {
			isa = XCConfigurationList;
			buildConfigurations = (
				525F90A22BA08B6E0006E87F /* Debug */,
				525F90A32BA08B6E0006E87F /* Release */,
			);
			defaultConfigurationIsVisible = 0;
			defaultConfigurationName = Release;
		};
/* End XCConfigurationList section */
	};
	rootObject = 525F90822BA08B6C0006E87F /* Project object */;
}
